
Microsoft Visual Studio Solution File, Format Version 12.00
# Visual Studio Version 17
VisualStudioVersion = 17.3.32922.545
MinimumVisualStudioVersion = 10.0.40219.1
Project("{FAE04EC0-301F-11D3-BF4B-00C04F79EFBC}") = "CaloriesCounter", "CaloriesCounter.csproj", "{8D2679E8-287D-42F7-BD48-4124BF1E417F}"
EndProject
Project("{FAE04EC0-301F-11D3-BF4B-00C04F79EFBC}") = "ClassLibrary.BLL", "..\ClassLibrary.BLL\ClassLibrary.BLL.csproj", "{A744C81C-71F1-43A3-BD24-124FD40CC9FC}"
EndProject
Project("{9A19103F-16F7-4668-BE54-9A1E7A4F7556}") = "WpfAppCaloriesCounter.DAL", "..\..\Entity_Framework_DAL1\WpfAppCaloriesCounter.DAL.csproj", "{EF8D958A-5856-4643-B2A8-C0669113DAB9}"
EndProject
Project("{9A19103F-16F7-4668-BE54-9A1E7A4F7556}") = "BLL.Tests", "..\BLL.Tests\BLL.Tests.csproj", "{3C60AE93-501C-4689-A3FA-64D3DD12EACF}"
EndProject
Global
	GlobalSection(SolutionConfigurationPlatforms) = preSolution
		Debug|Any CPU = Debug|Any CPU
		Release|Any CPU = Release|Any CPU
	EndGlobalSection
	GlobalSection(ProjectConfigurationPlatforms) = postSolution
		{8D2679E8-287D-42F7-BD48-4124BF1E417F}.Debug|Any CPU.ActiveCfg = Debug|Any CPU
		{8D2679E8-287D-42F7-BD48-4124BF1E417F}.Debug|Any CPU.Build.0 = Debug|Any CPU
		{8D2679E8-287D-42F7-BD48-4124BF1E417F}.Release|Any CPU.ActiveCfg = Release|Any CPU
		{8D2679E8-287D-42F7-BD48-4124BF1E417F}.Release|Any CPU.Build.0 = Release|Any CPU
		{A744C81C-71F1-43A3-BD24-124FD40CC9FC}.Debug|Any CPU.ActiveCfg = Debug|Any CPU
		{A744C81C-71F1-43A3-BD24-124FD40CC9FC}.Debug|Any CPU.Build.0 = Debug|Any CPU
		{A744C81C-71F1-43A3-BD24-124FD40CC9FC}.Release|Any CPU.ActiveCfg = Release|Any CPU
		{A744C81C-71F1-43A3-BD24-124FD40CC9FC}.Release|Any CPU.Build.0 = Release|Any CPU
		{EF8D958A-5856-4643-B2A8-C0669113DAB9}.Debug|Any CPU.ActiveCfg = Debug|Any CPU
		{EF8D958A-5856-4643-B2A8-C0669113DAB9}.Debug|Any CPU.Build.0 = Debug|Any CPU
		{EF8D958A-5856-4643-B2A8-C0669113DAB9}.Release|Any CPU.ActiveCfg = Release|Any CPU
		{EF8D958A-5856-4643-B2A8-C0669113DAB9}.Release|Any CPU.Build.0 = Release|Any CPU
		{3C60AE93-501C-4689-A3FA-64D3DD12EACF}.Debug|Any CPU.ActiveCfg = Debug|Any CPU
		{3C60AE93-501C-4689-A3FA-64D3DD12EACF}.Debug|Any CPU.Build.0 = Debug|Any CPU
		{3C60AE93-501C-4689-A3FA-64D3DD12EACF}.Release|Any CPU.ActiveCfg = Release|Any CPU
		{3C60AE93-501C-4689-A3FA-64D3DD12EACF}.Release|Any CPU.Build.0 = Release|Any CPU
	EndGlobalSection
	GlobalSection(SolutionProperties) = preSolution
		HideSolutionNode = FALSE
	EndGlobalSection
	GlobalSection(ExtensibilityGlobals) = postSolution
		SolutionGuid = {7FB8BF8E-F910-4311-9221-396D1164C3CC}
	EndGlobalSection
EndGlobal
